{
  "requires": true,
  "lockfileVersion": 1,
  "dependencies": {
    "rails-ujs": {
      "version": "5.2.4-4",
      "resolved": "https://registry.npmjs.org/rails-ujs/-/rails-ujs-5.2.4-4.tgz",
      "integrity": "sha512-I/So4YNUwrvbKyKfGOSQMCF0CxeAcGh9Rnse/Bx9SAsoYSaiKIHSjvzp55rfw05QhOj60wLfnjdycSOCmN7Hlg=="
    },
    "turbolinks": {
      "version": "5.2.0",
      "resolved": "https://registry.npmjs.org/turbolinks/-/turbolinks-5.2.0.tgz",
      "integrity": "sha512-pMiez3tyBo6uRHFNNZoYMmrES/IaGgMhQQM+VFF36keryjb5ms0XkVpmKHkfW/4Vy96qiGW3K9bz0tF5sK9bBw=="
    }
  }
}
